
Microsoft Visual Studio Solution File, Format Version 10.00
# Visual Studio 2008
Project("{FAE04EC0-301F-11D3-BF4B-00C04F79EFBC}") = "Gorilla.Commons.Testing", "product\Gorilla.Commons.Testing\Gorilla.Commons.Testing.csproj", "{44E65096-9657-4716-90F8-4535BABE8039}"
EndProject
Project("{FAE04EC0-301F-11D3-BF4B-00C04F79EFBC}") = "Gorilla.Commons.Infrastructure", "product\Gorilla.Commons.Infrastructure\Gorilla.Commons.Infrastructure.csproj", "{AA5EEED9-4531-45F7-AFCD-AD9717D2E405}"
EndProject
Project("{FAE04EC0-301F-11D3-BF4B-00C04F79EFBC}") = "Gorilla.Commons.Infrastructure.ThirdParty", "product\Gorilla.Commons.Infrastructure.ThirdParty\Gorilla.Commons.Infrastructure.ThirdParty.csproj", "{04DC09B4-5DF9-44A6-8DD1-05941F0D0228}"
EndProject
Project("{FAE04EC0-301F-11D3-BF4B-00C04F79EFBC}") = "Gorilla.Commons.Windows.Forms", "product\Gorilla.Commons.Windows.Forms\Gorilla.Commons.Windows.Forms.csproj", "{54B55B2B-A58F-45DF-A446-234C9D70DC0B}"
EndProject
Project("{FAE04EC0-301F-11D3-BF4B-00C04F79EFBC}") = "Gorilla.Commons.Windows.Forms.ThirdParty", "product\Gorilla.Commons.Windows.Forms.ThirdParty\Gorilla.Commons.Windows.Forms.ThirdParty.csproj", "{8050731D-48B2-4636-9D1C-2B6D052F39DC}"
EndProject
Project("{FAE04EC0-301F-11D3-BF4B-00C04F79EFBC}") = "Gorilla.Commons.Build", "build\Gorilla.Commons.Build.csproj", "{B8505B10-85C7-45F4-B039-D364DD556D7D}"
EndProject
Project("{FAE04EC0-301F-11D3-BF4B-00C04F79EFBC}") = "Gorilla.Commons.Utility", "product\Gorilla.Commons.Utility\Gorilla.Commons.Utility.csproj", "{DD8FD29E-7424-415C-9BA3-7D9F6ECBA161}"
EndProject
Global
	GlobalSection(SolutionConfigurationPlatforms) = preSolution
		Debug|Any CPU = Debug|Any CPU
		Release|Any CPU = Release|Any CPU
	EndGlobalSection
	GlobalSection(ProjectConfigurationPlatforms) = postSolution
		{44E65096-9657-4716-90F8-4535BABE8039}.Debug|Any CPU.ActiveCfg = Debug|Any CPU
		{44E65096-9657-4716-90F8-4535BABE8039}.Debug|Any CPU.Build.0 = Debug|Any CPU
		{44E65096-9657-4716-90F8-4535BABE8039}.Release|Any CPU.ActiveCfg = Release|Any CPU
		{44E65096-9657-4716-90F8-4535BABE8039}.Release|Any CPU.Build.0 = Release|Any CPU
		{AA5EEED9-4531-45F7-AFCD-AD9717D2E405}.Debug|Any CPU.ActiveCfg = Debug|Any CPU
		{AA5EEED9-4531-45F7-AFCD-AD9717D2E405}.Debug|Any CPU.Build.0 = Debug|Any CPU
		{AA5EEED9-4531-45F7-AFCD-AD9717D2E405}.Release|Any CPU.ActiveCfg = Release|Any CPU
		{AA5EEED9-4531-45F7-AFCD-AD9717D2E405}.Release|Any CPU.Build.0 = Release|Any CPU
		{04DC09B4-5DF9-44A6-8DD1-05941F0D0228}.Debug|Any CPU.ActiveCfg = Debug|Any CPU
		{04DC09B4-5DF9-44A6-8DD1-05941F0D0228}.Debug|Any CPU.Build.0 = Debug|Any CPU
		{04DC09B4-5DF9-44A6-8DD1-05941F0D0228}.Release|Any CPU.ActiveCfg = Release|Any CPU
		{04DC09B4-5DF9-44A6-8DD1-05941F0D0228}.Release|Any CPU.Build.0 = Release|Any CPU
		{54B55B2B-A58F-45DF-A446-234C9D70DC0B}.Debug|Any CPU.ActiveCfg = Debug|Any CPU
		{54B55B2B-A58F-45DF-A446-234C9D70DC0B}.Debug|Any CPU.Build.0 = Debug|Any CPU
		{54B55B2B-A58F-45DF-A446-234C9D70DC0B}.Release|Any CPU.ActiveCfg = Release|Any CPU
		{54B55B2B-A58F-45DF-A446-234C9D70DC0B}.Release|Any CPU.Build.0 = Release|Any CPU
		{8050731D-48B2-4636-9D1C-2B6D052F39DC}.Debug|Any CPU.ActiveCfg = Debug|Any CPU
		{8050731D-48B2-4636-9D1C-2B6D052F39DC}.Debug|Any CPU.Build.0 = Debug|Any CPU
		{8050731D-48B2-4636-9D1C-2B6D052F39DC}.Release|Any CPU.ActiveCfg = Release|Any CPU
		{8050731D-48B2-4636-9D1C-2B6D052F39DC}.Release|Any CPU.Build.0 = Release|Any CPU
		{B8505B10-85C7-45F4-B039-D364DD556D7D}.Debug|Any CPU.ActiveCfg = Debug|Any CPU
		{B8505B10-85C7-45F4-B039-D364DD556D7D}.Debug|Any CPU.Build.0 = Debug|Any CPU
		{B8505B10-85C7-45F4-B039-D364DD556D7D}.Release|Any CPU.ActiveCfg = Release|Any CPU
		{B8505B10-85C7-45F4-B039-D364DD556D7D}.Release|Any CPU.Build.0 = Release|Any CPU
		{DD8FD29E-7424-415C-9BA3-7D9F6ECBA161}.Debug|Any CPU.ActiveCfg = Debug|Any CPU
		{DD8FD29E-7424-415C-9BA3-7D9F6ECBA161}.Debug|Any CPU.Build.0 = Debug|Any CPU
		{DD8FD29E-7424-415C-9BA3-7D9F6ECBA161}.Release|Any CPU.ActiveCfg = Release|Any CPU
		{DD8FD29E-7424-415C-9BA3-7D9F6ECBA161}.Release|Any CPU.Build.0 = Release|Any CPU
	EndGlobalSection
	GlobalSection(SolutionProperties) = preSolution
		HideSolutionNode = FALSE
	EndGlobalSection
EndGlobal
